github.com/hauke96/sigolo v1.1.0 h1:fnh1CQpZpSSB50OMT+OYjKb0QD1/++4JW6snYSTnhTs=
github.com/hauke96/sigolo v1.1.0/go.mod h1:HjmtTXJhUyF8xPUnNt9i6oUkx7+Py5NZZiLc2V7khxg=
github.com/j7mbo/gowebshareproxy v1.0.0 h1:9oZv1glkg79FKroJCV8aGTw4ZPcdEcPxpwUkbuGTxOc=
github.com/j7mbo/gowebshareproxy v1.0.0/go.mod h1:gm8bYdxoOxIzPDeFKAm51OhXkSvF7+snCtEvIP95j/c=
